{
  "requires": true,
  "lockfileVersion": 1,
  "dependencies": {
    "jinja": {
      "version": "0.13.4",
      "resolved": "https://registry.npmjs.org/jinja/-/jinja-0.13.4.tgz",
      "integrity": "sha1-vDVwMG3X5f5nu9/lyVJOfGuIE94=",
      "requires": {
        "underscore": ">=1.1.7"
      }
    },
    "underscore": {
      "version": "1.13.1",
      "resolved": "https://registry.npmjs.org/underscore/-/underscore-1.13.1.tgz",
      "integrity": "sha512-hzSoAVtJF+3ZtiFX0VgfFPHEDRm7Y/QPjGyNo4TVdnDTdft3tr8hEkD25a1jC+TjTuE7tkHGKkhwCgs9dgBB2g=="
    }
  }
}
